// !$*UTF8*$!
{
	archiveVersion = 1;
	classes = {
	};
	objectVersion = 46;
	objects = {

/* Begin PBXBuildFile section */
		A1187E181D12EA33007F964E /* OfflineMap.swift in Sources */ = {isa = PBXBuildFile; fileRef = A1187E171D12EA33007F964E /* OfflineMap.swift */; };
		A1187E1A1D12F34B007F964E /* Queries.swift in Sources */ = {isa = PBXBuildFile; fileRef = A1187E191D12F34B007F964E /* Queries.swift */; };
		A1293DFE1D19863000150DDA /* OfflinePack.swift in Sources */ = {isa = PBXBuildFile; fileRef = A1293DFD1D19863000150DDA /* OfflinePack.swift */; };
		A1363C131CF731C3000D5C92 /* CategoryView.swift in Sources */ = {isa = PBXBuildFile; fileRef = A1363C121CF731C3000D5C92 /* CategoryView.swift */; };
		A1363C151CF7363B000D5C92 /* CategoryView.xib in Resources */ = {isa = PBXBuildFile; fileRef = A1363C141CF7363B000D5C92 /* CategoryView.xib */; };
		A14C2D381D9407A300331D20 /* Mapbox.framework in Frameworks */ = {isa = PBXBuildFile; fileRef = A14C2D371D9407A300331D20 /* Mapbox.framework */; };
		A14C2D391D9407A400331D20 /* Mapbox.framework in Embed Frameworks */ = {isa = PBXBuildFile; fileRef = A14C2D371D9407A300331D20 /* Mapbox.framework */; settings = {ATTRIBUTES = (CodeSignOnCopy, RemoveHeadersOnCopy, ); }; };
		A14C2D461D940C2700331D20 /* BEMCheckBox.framework in Frameworks */ = {isa = PBXBuildFile; fileRef = A14C2D451D940C2700331D20 /* BEMCheckBox.framework */; };
		A14C2D481D94148800331D20 /* Realm.framework in Frameworks */ = {isa = PBXBuildFile; fileRef = A14C2D471D94148800331D20 /* Realm.framework */; };
		A14C2D4A1D94148C00331D20 /* RealmSwift.framework in Frameworks */ = {isa = PBXBuildFile; fileRef = A14C2D491D94148C00331D20 /* RealmSwift.framework */; };
		A1650A581CF220700010765D /* Schema.swift in Sources */ = {isa = PBXBuildFile; fileRef = A1650A571CF220700010765D /* Schema.swift */; };
		A16ACB091CFC77500009C5CE /* Alert.swift in Sources */ = {isa = PBXBuildFile; fileRef = A16ACB081CFC77500009C5CE /* Alert.swift */; };
		A16ACB0B1CFC7A5D0009C5CE /* Geofencing.swift in Sources */ = {isa = PBXBuildFile; fileRef = A16ACB0A1CFC7A5D0009C5CE /* Geofencing.swift */; };
		A16C3D381CFEDDE000F2CC5D /* AudioPlayer.swift in Sources */ = {isa = PBXBuildFile; fileRef = A16C3D371CFEDDE000F2CC5D /* AudioPlayer.swift */; };
		A175F2591CE39EAD00A14B2E /* MapViewController.swift in Sources */ = {isa = PBXBuildFile; fileRef = A175F2581CE39EAD00A14B2E /* MapViewController.swift */; };
		A177D62D1CFB9AE800B0E11A /* DB.realm in Resources */ = {isa = PBXBuildFile; fileRef = A177D62C1CFB9AE800B0E11A /* DB.realm */; };
		A177D6311CFBA15000B0E11A /* UniqueObject.swift in Sources */ = {isa = PBXBuildFile; fileRef = A177D6301CFBA15000B0E11A /* UniqueObject.swift */; };
		A17BE7071D2550490083E501 /* Settings.bundle in Resources */ = {isa = PBXBuildFile; fileRef = A17BE7061D2550490083E501 /* Settings.bundle */; };
		A17BE7091D2582430083E501 /* Social.framework in Frameworks */ = {isa = PBXBuildFile; fileRef = A17BE7081D2582430083E501 /* Social.framework */; };
		A1910A6F1D3EBBDC000C3B8E /* RoundedButton.swift in Sources */ = {isa = PBXBuildFile; fileRef = A1910A6E1D3EBBDC000C3B8E /* RoundedButton.swift */; };
		A19E59041D21A19E0066608A /* PointAnnotation.swift in Sources */ = {isa = PBXBuildFile; fileRef = A19E59031D21A19E0066608A /* PointAnnotation.swift */; };
		A19FDFD81CF381E800BC54D0 /* Database.swift in Sources */ = {isa = PBXBuildFile; fileRef = A19FDFD71CF381E800BC54D0 /* Database.swift */; };
		A1B2B8DB1CEB450A00077D80 /* MainViewController.swift in Sources */ = {isa = PBXBuildFile; fileRef = A1B2B8DA1CEB450A00077D80 /* MainViewController.swift */; };
		A1B2D14B1D099771008729CF /* UserDefaults.swift in Sources */ = {isa = PBXBuildFile; fileRef = A1B2D14A1D099771008729CF /* UserDefaults.swift */; };
		A1B7B24C1CFE1903006171D5 /* Audio.xcassets in Resources */ = {isa = PBXBuildFile; fileRef = A1B7B24B1CFE1903006171D5 /* Audio.xcassets */; };
		A1CE0D361D3F8F490048B070 /* SettingsPresentAnimationController.swift in Sources */ = {isa = PBXBuildFile; fileRef = A1CE0D351D3F8F490048B070 /* SettingsPresentAnimationController.swift */; };
		A1CE0D381D3F941D0048B070 /* SettingsDismissAnimationController.swift in Sources */ = {isa = PBXBuildFile; fileRef = A1CE0D371D3F941D0048B070 /* SettingsDismissAnimationController.swift */; };
		A1DE1BC91D467401005783F3 /* OvalButton.swift in Sources */ = {isa = PBXBuildFile; fileRef = A1DE1BC81D467401005783F3 /* OvalButton.swift */; };
		A1DE1BCB1D467694005783F3 /* UIColor+brandColor.swift in Sources */ = {isa = PBXBuildFile; fileRef = A1DE1BCA1D467694005783F3 /* UIColor+brandColor.swift */; };
		A1E285951CE342E600DC3ACD /* SettingsViewController.swift in Sources */ = {isa = PBXBuildFile; fileRef = A1E285941CE342E600DC3ACD /* SettingsViewController.swift */; };
		A1F2A0E01CE2030000593EB0 /* AppDelegate.swift in Sources */ = {isa = PBXBuildFile; fileRef = A1F2A0DF1CE2030000593EB0 /* AppDelegate.swift */; };
		A1F2A0E51CE2030000593EB0 /* Main.storyboard in Resources */ = {isa = PBXBuildFile; fileRef = A1F2A0E31CE2030000593EB0 /* Main.storyboard */; };
		A1F2A0E71CE2030000593EB0 /* Assets.xcassets in Resources */ = {isa = PBXBuildFile; fileRef = A1F2A0E61CE2030000593EB0 /* Assets.xcassets */; };
		A1F2A0EA1CE2030000593EB0 /* LaunchScreen.storyboard in Resources */ = {isa = PBXBuildFile; fileRef = A1F2A0E81CE2030000593EB0 /* LaunchScreen.storyboard */; };
/* End PBXBuildFile section */

/* Begin PBXCopyFilesBuildPhase section */
		A14C2D3A1D9407A400331D20 /* Embed Frameworks */ = {
			isa = PBXCopyFilesBuildPhase;
			buildActionMask = 2147483647;
			dstPath = "";
			dstSubfolderSpec = 10;
			files = (
				A14C2D391D9407A400331D20 /* Mapbox.framework in Embed Frameworks */,
			);
			name = "Embed Frameworks";
			runOnlyForDeploymentPostprocessing = 0;
		};
/* End PBXCopyFilesBuildPhase section */

/* Begin PBXFileReference section */
		A1187E171D12EA33007F964E /* OfflineMap.swift */ = {isa = PBXFileReference; fileEncoding = 4; lastKnownFileType = sourcecode.swift; path = OfflineMap.swift; sourceTree = "<group>"; };
		A1187E191D12F34B007F964E /* Queries.swift */ = {isa = PBXFileReference; fileEncoding = 4; lastKnownFileType = sourcecode.swift; path = Queries.swift; sourceTree = "<group>"; };
		A11941BD1CE6868600B4D280 /* QuartzCore.framework */ = {isa = PBXFileReference; lastKnownFileType = wrapper.framework; name = QuartzCore.framework; path = System/Library/Frameworks/QuartzCore.framework; sourceTree = SDKROOT; };
		A1293DFD1D19863000150DDA /* OfflinePack.swift */ = {isa = PBXFileReference; fileEncoding = 4; lastKnownFileType = sourcecode.swift; path = OfflinePack.swift; sourceTree = "<group>"; };
		A132D1591D00426A006DCDCE /* GPXTest.gpx */ = {isa = PBXFileReference; lastKnownFileType = text.xml; path = GPXTest.gpx; sourceTree = "<group>"; };
		A1363C121CF731C3000D5C92 /* CategoryView.swift */ = {isa = PBXFileReference; fileEncoding = 4; lastKnownFileType = sourcecode.swift; path = CategoryView.swift; sourceTree = "<group>"; };
		A1363C141CF7363B000D5C92 /* CategoryView.xib */ = {isa = PBXFileReference; fileEncoding = 4; lastKnownFileType = file.xib; path = CategoryView.xib; sourceTree = "<group>"; };
		A14C2D371D9407A300331D20 /* Mapbox.framework */ = {isa = PBXFileReference; lastKnownFileType = wrapper.framework; name = Mapbox.framework; path = ../Mapbox.framework; sourceTree = "<group>"; };
		A14C2D451D940C2700331D20 /* BEMCheckBox.framework */ = {isa = PBXFileReference; lastKnownFileType = wrapper.framework; name = BEMCheckBox.framework; path = Carthage/Build/iOS/BEMCheckBox.framework; sourceTree = "<group>"; };
		A14C2D471D94148800331D20 /* Realm.framework */ = {isa = PBXFileReference; lastKnownFileType = wrapper.framework; name = Realm.framework; path = Carthage/Build/iOS/Realm.framework; sourceTree = "<group>"; };
		A14C2D491D94148C00331D20 /* RealmSwift.framework */ = {isa = PBXFileReference; lastKnownFileType = wrapper.framework; name = RealmSwift.framework; path = Carthage/Build/iOS/RealmSwift.framework; sourceTree = "<group>"; };
		A15D28AE1CFEE8DE00E55F03 /* AVFoundation.framework */ = {isa = PBXFileReference; lastKnownFileType = wrapper.framework; name = AVFoundation.framework; path = System/Library/Frameworks/AVFoundation.framework; sourceTree = SDKROOT; };
		A15D28B11CFEFB9300E55F03 /* Foundation.framework */ = {isa = PBXFileReference; lastKnownFileType = wrapper.framework; name = Foundation.framework; path = System/Library/Frameworks/Foundation.framework; sourceTree = SDKROOT; };
		A1650A571CF220700010765D /* Schema.swift */ = {isa = PBXFileReference; fileEncoding = 4; lastKnownFileType = sourcecode.swift; path = Schema.swift; sourceTree = "<group>"; };
		A16ACB081CFC77500009C5CE /* Alert.swift */ = {isa = PBXFileReference; fileEncoding = 4; lastKnownFileType = sourcecode.swift; path = Alert.swift; sourceTree = "<group>"; };
		A16ACB0A1CFC7A5D0009C5CE /* Geofencing.swift */ = {isa = PBXFileReference; fileEncoding = 4; lastKnownFileType = sourcecode.swift; path = Geofencing.swift; sourceTree = "<group>"; };
		A16C3D371CFEDDE000F2CC5D /* AudioPlayer.swift */ = {isa = PBXFileReference; fileEncoding = 4; lastKnownFileType = sourcecode.swift; path = AudioPlayer.swift; sourceTree = "<group>"; };
		A175F2581CE39EAD00A14B2E /* MapViewController.swift */ = {isa = PBXFileReference; fileEncoding = 4; lastKnownFileType = sourcecode.swift; path = MapViewController.swift; sourceTree = "<group>"; };
		A177D62C1CFB9AE800B0E11A /* DB.realm */ = {isa = PBXFileReference; lastKnownFileType = file; path = DB.realm; sourceTree = "<group>"; };
		A177D6301CFBA15000B0E11A /* UniqueObject.swift */ = {isa = PBXFileReference; fileEncoding = 4; lastKnownFileType = sourcecode.swift; path = UniqueObject.swift; sourceTree = "<group>"; };
		A17BE7061D2550490083E501 /* Settings.bundle */ = {isa = PBXFileReference; lastKnownFileType = "wrapper.plug-in"; name = Settings.bundle; path = Echotags/Settings.bundle; sourceTree = SOURCE_ROOT; };
		A17BE7081D2582430083E501 /* Social.framework */ = {isa = PBXFileReference; lastKnownFileType = wrapper.framework; name = Social.framework; path = System/Library/Frameworks/Social.framework; sourceTree = SDKROOT; };
		A1910A6E1D3EBBDC000C3B8E /* RoundedButton.swift */ = {isa = PBXFileReference; fileEncoding = 4; lastKnownFileType = sourcecode.swift; path = RoundedButton.swift; sourceTree = "<group>"; };
		A19E59031D21A19E0066608A /* PointAnnotation.swift */ = {isa = PBXFileReference; fileEncoding = 4; lastKnownFileType = sourcecode.swift; path = PointAnnotation.swift; sourceTree = "<group>"; };
		A19FDFD71CF381E800BC54D0 /* Database.swift */ = {isa = PBXFileReference; fileEncoding = 4; lastKnownFileType = sourcecode.swift; path = Database.swift; sourceTree = "<group>"; };
		A1B2B8DA1CEB450A00077D80 /* MainViewController.swift */ = {isa = PBXFileReference; fileEncoding = 4; lastKnownFileType = sourcecode.swift; path = MainViewController.swift; sourceTree = "<group>"; };
		A1B2D14A1D099771008729CF /* UserDefaults.swift */ = {isa = PBXFileReference; fileEncoding = 4; lastKnownFileType = sourcecode.swift; path = UserDefaults.swift; sourceTree = "<group>"; };
		A1B7B24B1CFE1903006171D5 /* Audio.xcassets */ = {isa = PBXFileReference; lastKnownFileType = folder.assetcatalog; path = Audio.xcassets; sourceTree = "<group>"; };
		A1CE0D351D3F8F490048B070 /* SettingsPresentAnimationController.swift */ = {isa = PBXFileReference; fileEncoding = 4; lastKnownFileType = sourcecode.swift; path = SettingsPresentAnimationController.swift; sourceTree = "<group>"; };
		A1CE0D371D3F941D0048B070 /* SettingsDismissAnimationController.swift */ = {isa = PBXFileReference; fileEncoding = 4; lastKnownFileType = sourcecode.swift; path = SettingsDismissAnimationController.swift; sourceTree = "<group>"; };
		A1DE1BC81D467401005783F3 /* OvalButton.swift */ = {isa = PBXFileReference; fileEncoding = 4; lastKnownFileType = sourcecode.swift; path = OvalButton.swift; sourceTree = "<group>"; };
		A1DE1BCA1D467694005783F3 /* UIColor+brandColor.swift */ = {isa = PBXFileReference; fileEncoding = 4; lastKnownFileType = sourcecode.swift; path = "UIColor+brandColor.swift"; sourceTree = "<group>"; };
		A1E285941CE342E600DC3ACD /* SettingsViewController.swift */ = {isa = PBXFileReference; fileEncoding = 4; lastKnownFileType = sourcecode.swift; path = SettingsViewController.swift; sourceTree = "<group>"; };
		A1F2A0DC1CE2030000593EB0 /* echotags.app */ = {isa = PBXFileReference; explicitFileType = wrapper.application; includeInIndex = 0; path = echotags.app; sourceTree = BUILT_PRODUCTS_DIR; };
		A1F2A0DF1CE2030000593EB0 /* AppDelegate.swift */ = {isa = PBXFileReference; lastKnownFileType = sourcecode.swift; path = AppDelegate.swift; sourceTree = "<group>"; };
		A1F2A0E41CE2030000593EB0 /* Base */ = {isa = PBXFileReference; lastKnownFileType = file.storyboard; name = Base; path = Base.lproj/Main.storyboard; sourceTree = "<group>"; };
		A1F2A0E61CE2030000593EB0 /* Assets.xcassets */ = {isa = PBXFileReference; lastKnownFileType = folder.assetcatalog; path = Assets.xcassets; sourceTree = "<group>"; };
		A1F2A0E91CE2030000593EB0 /* Base */ = {isa = PBXFileReference; lastKnownFileType = file.storyboard; name = Base; path = Base.lproj/LaunchScreen.storyboard; sourceTree = "<group>"; };
		A1F2A0EB1CE2030000593EB0 /* Info.plist */ = {isa = PBXFileReference; lastKnownFileType = text.plist.xml; name = Info.plist; path = ../Echotags/Info.plist; sourceTree = "<group>"; };
/* End PBXFileReference section */

/* Begin PBXFrameworksBuildPhase section */
		A1F2A0D91CE2030000593EB0 /* Frameworks */ = {
			isa = PBXFrameworksBuildPhase;
			buildActionMask = 2147483647;
			files = (
				A17BE7091D2582430083E501 /* Social.framework in Frameworks */,
				A14C2D381D9407A300331D20 /* Mapbox.framework in Frameworks */,
				A14C2D461D940C2700331D20 /* BEMCheckBox.framework in Frameworks */,
				A14C2D481D94148800331D20 /* Realm.framework in Frameworks */,
				A14C2D4A1D94148C00331D20 /* RealmSwift.framework in Frameworks */,
			);
			runOnlyForDeploymentPostprocessing = 0;
		};
/* End PBXFrameworksBuildPhase section */

/* Begin PBXGroup section */
		A10642F61CE7C3EB00ABE7BF /* Assets */ = {
			isa = PBXGroup;
			children = (
				A1F2A0E61CE2030000593EB0 /* Assets.xcassets */,
				A1B7B24B1CFE1903006171D5 /* Audio.xcassets */,
				A177D62C1CFB9AE800B0E11A /* DB.realm */,
				A132D1591D00426A006DCDCE /* GPXTest.gpx */,
			);
			name = Assets;
			path = ../Echotags/Assets;
			sourceTree = "<group>";
		};
		A143EB5E1CF72AA600E2E16D /* Controllers */ = {
			isa = PBXGroup;
			children = (
				A1B2B8DA1CEB450A00077D80 /* MainViewController.swift */,
				A175F2581CE39EAD00A14B2E /* MapViewController.swift */,
				A1E285941CE342E600DC3ACD /* SettingsViewController.swift */,
			);
			name = Controllers;
			path = ../Echotags/Controllers;
			sourceTree = "<group>";
		};
		A14C2D3B1D9407CA00331D20 /* Embedded Binaries */ = {
			isa = PBXGroup;
			children = (
				A14C2D371D9407A300331D20 /* Mapbox.framework */,
			);
			name = "Embedded Binaries";
			sourceTree = "<group>";
		};
		A1650A591CF220980010765D /* Database */ = {
			isa = PBXGroup;
			children = (
				A1187E191D12F34B007F964E /* Queries.swift */,
				A1650A571CF220700010765D /* Schema.swift */,
				A177D6301CFBA15000B0E11A /* UniqueObject.swift */,
			);
			name = Database;
			path = ../Echotags/Database;
			sourceTree = "<group>";
		};
		A16ACB011CFC5DC60009C5CE /* Models */ = {
			isa = PBXGroup;
			children = (
				A16C3D371CFEDDE000F2CC5D /* AudioPlayer.swift */,
				A19FDFD71CF381E800BC54D0 /* Database.swift */,
				A16ACB0A1CFC7A5D0009C5CE /* Geofencing.swift */,
				A1187E171D12EA33007F964E /* OfflineMap.swift */,
				A1293DFD1D19863000150DDA /* OfflinePack.swift */,
				A19E59031D21A19E0066608A /* PointAnnotation.swift */,
				A1B2D14A1D099771008729CF /* UserDefaults.swift */,
			);
			name = Models;
			path = ../Echotags/Models;
			sourceTree = "<group>";
		};
		A1E0C6F01CEE0A1A00636552 /* Views */ = {
			isa = PBXGroup;
			children = (
				A16ACB081CFC77500009C5CE /* Alert.swift */,
				A1363C121CF731C3000D5C92 /* CategoryView.swift */,
				A1363C141CF7363B000D5C92 /* CategoryView.xib */,
				A1DE1BC81D467401005783F3 /* OvalButton.swift */,
				A1910A6E1D3EBBDC000C3B8E /* RoundedButton.swift */,
				A1CE0D371D3F941D0048B070 /* SettingsDismissAnimationController.swift */,
				A1CE0D351D3F8F490048B070 /* SettingsPresentAnimationController.swift */,
				A1DE1BCA1D467694005783F3 /* UIColor+brandColor.swift */,
			);
			name = Views;
			path = ../Echotags/Views;
			sourceTree = "<group>";
		};
		A1F2A0D31CE2030000593EB0 = {
			isa = PBXGroup;
			children = (
				A1F2A0DE1CE2030000593EB0 /* Echotags */,
				A1F2A0DD1CE2030000593EB0 /* Products */,
				C162163EB18D2D04A0F90692 /* Frameworks */,
			);
			sourceTree = "<group>";
		};
		A1F2A0DD1CE2030000593EB0 /* Products */ = {
			isa = PBXGroup;
			children = (
				A1F2A0DC1CE2030000593EB0 /* echotags.app */,
			);
			name = Products;
			sourceTree = "<group>";
		};
		A1F2A0DE1CE2030000593EB0 /* Echotags */ = {
			isa = PBXGroup;
			children = (
				A1F2A0EB1CE2030000593EB0 /* Info.plist */,
				A17BE7061D2550490083E501 /* Settings.bundle */,
				A1F2A0E31CE2030000593EB0 /* Main.storyboard */,
				A1F2A0E81CE2030000593EB0 /* LaunchScreen.storyboard */,
				A1F2A0DF1CE2030000593EB0 /* AppDelegate.swift */,
				A16ACB011CFC5DC60009C5CE /* Models */,
				A1E0C6F01CEE0A1A00636552 /* Views */,
				A143EB5E1CF72AA600E2E16D /* Controllers */,
				A1650A591CF220980010765D /* Database */,
				A10642F61CE7C3EB00ABE7BF /* Assets */,
				A14C2D3B1D9407CA00331D20 /* Embedded Binaries */,
			);
			name = Echotags;
			path = echotags;
			sourceTree = "<group>";
		};
		C162163EB18D2D04A0F90692 /* Frameworks */ = {
			isa = PBXGroup;
			children = (
				A14C2D491D94148C00331D20 /* RealmSwift.framework */,
				A14C2D471D94148800331D20 /* Realm.framework */,
				A14C2D451D940C2700331D20 /* BEMCheckBox.framework */,
				A17BE7081D2582430083E501 /* Social.framework */,
				A15D28B11CFEFB9300E55F03 /* Foundation.framework */,
				A15D28AE1CFEE8DE00E55F03 /* AVFoundation.framework */,
				A11941BD1CE6868600B4D280 /* QuartzCore.framework */,
			);
			name = Frameworks;
			sourceTree = "<group>";
		};
/* End PBXGroup section */

/* Begin PBXNativeTarget section */
		A1F2A0DB1CE2030000593EB0 /* echotags */ = {
			isa = PBXNativeTarget;
			buildConfigurationList = A1F2A0EE1CE2030000593EB0 /* Build configuration list for PBXNativeTarget "echotags" */;
			buildPhases = (
				A1F2A0D81CE2030000593EB0 /* Sources */,
				A1F2A0D91CE2030000593EB0 /* Frameworks */,
				A1F2A0DA1CE2030000593EB0 /* Resources */,
				A14C2D3A1D9407A400331D20 /* Embed Frameworks */,
				A14C2D3C1D9407FD00331D20 /* ShellScript */,
			);
			buildRules = (
			);
			dependencies = (
			);
			name = echotags;
			productName = echotags;
			productReference = A1F2A0DC1CE2030000593EB0 /* echotags.app */;
			productType = "com.apple.product-type.application";
		};
/* End PBXNativeTarget section */

/* Begin PBXProject section */
		A1F2A0D41CE2030000593EB0 /* Project object */ = {
			isa = PBXProject;
			attributes = {
				LastSwiftUpdateCheck = 0730;
				LastUpgradeCheck = 0800;
				ORGANIZATIONNAME = "Bartłomiej Kozal";
				TargetAttributes = {
					A1F2A0DB1CE2030000593EB0 = {
						CreatedOnToolsVersion = 7.3.1;
						DevelopmentTeam = 629M2HBZ4S;
						LastSwiftMigration = 0800;
						SystemCapabilities = {
							com.apple.BackgroundModes = {
								enabled = 1;
							};
							com.apple.Maps.iOS = {
								enabled = 0;
							};
						};
					};
				};
			};
			buildConfigurationList = A1F2A0D71CE2030000593EB0 /* Build configuration list for PBXProject "echotags" */;
			compatibilityVersion = "Xcode 3.2";
			developmentRegion = English;
			hasScannedForEncodings = 0;
			knownRegions = (
				en,
				Base,
			);
			mainGroup = A1F2A0D31CE2030000593EB0;
			productRefGroup = A1F2A0DD1CE2030000593EB0 /* Products */;
			projectDirPath = "";
			projectRoot = "";
			targets = (
				A1F2A0DB1CE2030000593EB0 /* echotags */,
			);
		};
/* End PBXProject section */

/* Begin PBXResourcesBuildPhase section */
		A1F2A0DA1CE2030000593EB0 /* Resources */ = {
			isa = PBXResourcesBuildPhase;
			buildActionMask = 2147483647;
			files = (
				A17BE7071D2550490083E501 /* Settings.bundle in Resources */,
				A1F2A0EA1CE2030000593EB0 /* LaunchScreen.storyboard in Resources */,
				A177D62D1CFB9AE800B0E11A /* DB.realm in Resources */,
				A1B7B24C1CFE1903006171D5 /* Audio.xcassets in Resources */,
				A1363C151CF7363B000D5C92 /* CategoryView.xib in Resources */,
				A1F2A0E71CE2030000593EB0 /* Assets.xcassets in Resources */,
				A1F2A0E51CE2030000593EB0 /* Main.storyboard in Resources */,
			);
			runOnlyForDeploymentPostprocessing = 0;
		};
/* End PBXResourcesBuildPhase section */

/* Begin PBXShellScriptBuildPhase section */
		A14C2D3C1D9407FD00331D20 /* ShellScript */ = {
			isa = PBXShellScriptBuildPhase;
			buildActionMask = 2147483647;
			files = (
			);
			inputPaths = (
				"$(SRCROOT)/Carthage/Build/iOS/BEMCheckBox.framework",
				"$(SRCROOT)/Carthage/Build/iOS/Realm.framework",
				"$(SRCROOT)/Carthage/Build/iOS/RealmSwift.framework",
			);
			outputPaths = (
			);
			runOnlyForDeploymentPostprocessing = 0;
			shellPath = /bin/sh;
			shellScript = "/usr/local/bin/carthage copy-frameworks\n\nbash \"${BUILT_PRODUCTS_DIR}/${FRAMEWORKS_FOLDER_PATH}/Mapbox.framework/strip-frameworks.sh\"";
		};
/* End PBXShellScriptBuildPhase section */

/* Begin PBXSourcesBuildPhase section */
		A1F2A0D81CE2030000593EB0 /* Sources */ = {
			isa = PBXSourcesBuildPhase;
			buildActionMask = 2147483647;
			files = (
				A177D6311CFBA15000B0E11A /* UniqueObject.swift in Sources */,
				A16ACB091CFC77500009C5CE /* Alert.swift in Sources */,
				A16ACB0B1CFC7A5D0009C5CE /* Geofencing.swift in Sources */,
				A1650A581CF220700010765D /* Schema.swift in Sources */,
				A1CE0D381D3F941D0048B070 /* SettingsDismissAnimationController.swift in Sources */,
				A19FDFD81CF381E800BC54D0 /* Database.swift in Sources */,
				A1DE1BCB1D467694005783F3 /* UIColor+brandColor.swift in Sources */,
				A1363C131CF731C3000D5C92 /* CategoryView.swift in Sources */,
				A1187E1A1D12F34B007F964E /* Queries.swift in Sources */,
				A1F2A0E01CE2030000593EB0 /* AppDelegate.swift in Sources */,
				A1E285951CE342E600DC3ACD /* SettingsViewController.swift in Sources */,
				A1187E181D12EA33007F964E /* OfflineMap.swift in Sources */,
				A1293DFE1D19863000150DDA /* OfflinePack.swift in Sources */,
				A1B2B8DB1CEB450A00077D80 /* MainViewController.swift in Sources */,
				A1B2D14B1D099771008729CF /* UserDefaults.swift in Sources */,
				A1CE0D361D3F8F490048B070 /* SettingsPresentAnimationController.swift in Sources */,
				A16C3D381CFEDDE000F2CC5D /* AudioPlayer.swift in Sources */,
				A175F2591CE39EAD00A14B2E /* MapViewController.swift in Sources */,
				A1DE1BC91D467401005783F3 /* OvalButton.swift in Sources */,
				A19E59041D21A19E0066608A /* PointAnnotation.swift in Sources */,
				A1910A6F1D3EBBDC000C3B8E /* RoundedButton.swift in Sources */,
			);
			runOnlyForDeploymentPostprocessing = 0;
		};
/* End PBXSourcesBuildPhase section */

/* Begin PBXVariantGroup section */
		A1F2A0E31CE2030000593EB0 /* Main.storyboard */ = {
			isa = PBXVariantGroup;
			children = (
				A1F2A0E41CE2030000593EB0 /* Base */,
			);
			name = Main.storyboard;
			sourceTree = "<group>";
		};
		A1F2A0E81CE2030000593EB0 /* LaunchScreen.storyboard */ = {
			isa = PBXVariantGroup;
			children = (
				A1F2A0E91CE2030000593EB0 /* Base */,
			);
			name = LaunchScreen.storyboard;
			path = ../Echotags;
			sourceTree = "<group>";
		};
/* End PBXVariantGroup section */

/* Begin XCBuildConfiguration section */
		A1F2A0EC1CE2030000593EB0 /* Debug */ = {
			isa = XCBuildConfiguration;
			buildSettings = {
				ALWAYS_SEARCH_USER_PATHS = NO;
				CLANG_ANALYZER_NONNULL = YES;
				CLANG_CXX_LANGUAGE_STANDARD = "gnu++0x";
				CLANG_CXX_LIBRARY = "libc++";
				CLANG_ENABLE_MODULES = YES;
				CLANG_ENABLE_OBJC_ARC = YES;
				CLANG_WARN_BOOL_CONVERSION = YES;
				CLANG_WARN_CONSTANT_CONVERSION = YES;
				CLANG_WARN_DIRECT_OBJC_ISA_USAGE = YES_ERROR;
				CLANG_WARN_EMPTY_BODY = YES;
				CLANG_WARN_ENUM_CONVERSION = YES;
				CLANG_WARN_INFINITE_RECURSION = YES;
				CLANG_WARN_INT_CONVERSION = YES;
				CLANG_WARN_OBJC_ROOT_CLASS = YES_ERROR;
				CLANG_WARN_SUSPICIOUS_MOVE = YES;
				CLANG_WARN_UNREACHABLE_CODE = YES;
				CLANG_WARN__DUPLICATE_METHOD_MATCH = YES;
				"CODE_SIGN_IDENTITY[sdk=iphoneos*]" = "iPhone Developer";
				COPY_PHASE_STRIP = NO;
				DEBUG_INFORMATION_FORMAT = dwarf;
				ENABLE_STRICT_OBJC_MSGSEND = YES;
				ENABLE_TESTABILITY = YES;
				GCC_C_LANGUAGE_STANDARD = gnu99;
				GCC_DYNAMIC_NO_PIC = NO;
				GCC_NO_COMMON_BLOCKS = YES;
				GCC_OPTIMIZATION_LEVEL = 0;
				GCC_PREPROCESSOR_DEFINITIONS = (
					"DEBUG=1",
					"$(inherited)",
				);
				GCC_WARN_64_TO_32_BIT_CONVERSION = YES;
				GCC_WARN_ABOUT_RETURN_TYPE = YES_ERROR;
				GCC_WARN_UNDECLARED_SELECTOR = YES;
				GCC_WARN_UNINITIALIZED_AUTOS = YES_AGGRESSIVE;
				GCC_WARN_UNUSED_FUNCTION = YES;
				GCC_WARN_UNUSED_VARIABLE = YES;
				IPHONEOS_DEPLOYMENT_TARGET = 9.3;
				MTL_ENABLE_DEBUG_INFO = YES;
				ONLY_ACTIVE_ARCH = YES;
				SDKROOT = iphoneos;
				SWIFT_OPTIMIZATION_LEVEL = "-Onone";
			};
			name = Debug;
		};
		A1F2A0ED1CE2030000593EB0 /* Release */ = {
			isa = XCBuildConfiguration;
			buildSettings = {
				ALWAYS_SEARCH_USER_PATHS = NO;
				CLANG_ANALYZER_NONNULL = YES;
				CLANG_CXX_LANGUAGE_STANDARD = "gnu++0x";
				CLANG_CXX_LIBRARY = "libc++";
				CLANG_ENABLE_MODULES = YES;
				CLANG_ENABLE_OBJC_ARC = YES;
				CLANG_WARN_BOOL_CONVERSION = YES;
				CLANG_WARN_CONSTANT_CONVERSION = YES;
				CLANG_WARN_DIRECT_OBJC_ISA_USAGE = YES_ERROR;
				CLANG_WARN_EMPTY_BODY = YES;
				CLANG_WARN_ENUM_CONVERSION = YES;
				CLANG_WARN_INFINITE_RECURSION = YES;
				CLANG_WARN_INT_CONVERSION = YES;
				CLANG_WARN_OBJC_ROOT_CLASS = YES_ERROR;
				CLANG_WARN_SUSPICIOUS_MOVE = YES;
				CLANG_WARN_UNREACHABLE_CODE = YES;
				CLANG_WARN__DUPLICATE_METHOD_MATCH = YES;
				"CODE_SIGN_IDENTITY[sdk=iphoneos*]" = "iPhone Developer";
				COPY_PHASE_STRIP = NO;
				DEBUG_INFORMATION_FORMAT = "dwarf-with-dsym";
				ENABLE_NS_ASSERTIONS = NO;
				ENABLE_STRICT_OBJC_MSGSEND = YES;
				GCC_C_LANGUAGE_STANDARD = gnu99;
				GCC_NO_COMMON_BLOCKS = YES;
				GCC_WARN_64_TO_32_BIT_CONVERSION = YES;
				GCC_WARN_ABOUT_RETURN_TYPE = YES_ERROR;
				GCC_WARN_UNDECLARED_SELECTOR = YES;
				GCC_WARN_UNINITIALIZED_AUTOS = YES_AGGRESSIVE;
				GCC_WARN_UNUSED_FUNCTION = YES;
				GCC_WARN_UNUSED_VARIABLE = YES;
				IPHONEOS_DEPLOYMENT_TARGET = 9.3;
				MTL_ENABLE_DEBUG_INFO = NO;
				SDKROOT = iphoneos;
				SWIFT_OPTIMIZATION_LEVEL = "-Owholemodule";
				VALIDATE_PRODUCT = YES;
			};
			name = Release;
		};
		A1F2A0EF1CE2030000593EB0 /* Debug */ = {
			isa = XCBuildConfiguration;
			buildSettings = {
				ALWAYS_EMBED_SWIFT_STANDARD_LIBRARIES = YES;
				ASSETCATALOG_COMPILER_APPICON_NAME = AppIcon;
				CODE_SIGN_IDENTITY = "iPhone Developer";
				"CODE_SIGN_IDENTITY[sdk=iphoneos*]" = "iPhone Developer";
				FRAMEWORK_SEARCH_PATHS = (
					"$(inherited)",
					"$(PROJECT_DIR)",
					"$(PROJECT_DIR)/Carthage/Build/iOS",
				);
				INFOPLIST_FILE = echotags/Info.plist;
				IPHONEOS_DEPLOYMENT_TARGET = 9.0;
				LD_RUNPATH_SEARCH_PATHS = "$(inherited) @executable_path/Frameworks";
				PRODUCT_BUNDLE_IDENTIFIER = bkzl.echotags.amsterdam;
				PRODUCT_NAME = "$(TARGET_NAME)";
				PROVISIONING_PROFILE = "";
				SWIFT_VERSION = 3.0;
				TARGETED_DEVICE_FAMILY = "1,2";
			};
			name = Debug;
		};
		A1F2A0F01CE2030000593EB0 /* Release */ = {
			isa = XCBuildConfiguration;
			buildSettings = {
				ALWAYS_EMBED_SWIFT_STANDARD_LIBRARIES = YES;
				ASSETCATALOG_COMPILER_APPICON_NAME = AppIcon;
				CODE_SIGN_IDENTITY = "iPhone Developer";
				"CODE_SIGN_IDENTITY[sdk=iphoneos*]" = "iPhone Developer";
				FRAMEWORK_SEARCH_PATHS = (
					"$(inherited)",
					"$(PROJECT_DIR)",
					"$(PROJECT_DIR)/Carthage/Build/iOS",
				);
				INFOPLIST_FILE = echotags/Info.plist;
				IPHONEOS_DEPLOYMENT_TARGET = 9.0;
				LD_RUNPATH_SEARCH_PATHS = "$(inherited) @executable_path/Frameworks";
				PRODUCT_BUNDLE_IDENTIFIER = bkzl.echotags.amsterdam;
				PRODUCT_NAME = "$(TARGET_NAME)";
				PROVISIONING_PROFILE = "";
				SWIFT_VERSION = 3.0;
				TARGETED_DEVICE_FAMILY = "1,2";
			};
			name = Release;
		};
/* End XCBuildConfiguration section */

/* Begin XCConfigurationList section */
		A1F2A0D71CE2030000593EB0 /* Build configuration list for PBXProject "echotags" */ = {
			isa = XCConfigurationList;
			buildConfigurations = (
				A1F2A0EC1CE2030000593EB0 /* Debug */,
				A1F2A0ED1CE2030000593EB0 /* Release */,
			);
			defaultConfigurationIsVisible = 0;
			defaultConfigurationName = Release;
		};
		A1F2A0EE1CE2030000593EB0 /* Build configuration list for PBXNativeTarget "echotags" */ = {
			isa = XCConfigurationList;
			buildConfigurations = (
				A1F2A0EF1CE2030000593EB0 /* Debug */,
				A1F2A0F01CE2030000593EB0 /* Release */,
			);
			defaultConfigurationIsVisible = 0;
			defaultConfigurationName = Release;
		};
/* End XCConfigurationList section */
	};
	rootObject = A1F2A0D41CE2030000593EB0 /* Project object */;
}
