PODS:
  - BEMCheckBox (1.2.1)
  - Mapbox-iOS-SDK (3.3.3)
  - Realm (1.0.2):
    - Realm/Headers (= 1.0.2)
  - Realm/Headers (1.0.2)
  - RealmSwift (1.0.2):
    - Realm (= 1.0.2)

DEPENDENCIES:
  - BEMCheckBox (= 1.2.1)
  - Mapbox-iOS-SDK (= 3.3.3)
  - RealmSwift (= 1.0.2)

SPEC CHECKSUMS:
  BEMCheckBox: 264b8b72aa92adbfefa265cc58a0cdb86b207b9f
  Mapbox-iOS-SDK: 13cd4d7e118acae2782a1bdc5947164d8f6d80fd
  Realm: 9d5c46a4d7d27958530a8dfc58f63a99e5c2cba3
  RealmSwift: 82f3ac5e24530143dddfde2033acc0d308f27d96

PODFILE CHECKSUM: 67b492ce5afd82deab71acea3bb55c5d383fdc70

COCOAPODS: 1.0.1
