PODS:
  - BEMCheckBox (1.2.1)
  - Mapbox-iOS-SDK (3.2.2)
  - Realm (1.0.2):
    - Realm/Headers (= 1.0.2)
  - Realm/Headers (1.0.2)
  - RealmSwift (1.0.2):
    - Realm (= 1.0.2)

DEPENDENCIES:
  - BEMCheckBox (= 1.2.1)
  - Mapbox-iOS-SDK (= 3.2.2)
  - RealmSwift (= 1.0.2)

SPEC CHECKSUMS:
  BEMCheckBox: 264b8b72aa92adbfefa265cc58a0cdb86b207b9f
  Mapbox-iOS-SDK: 117ba1b0ed31107d3fe5826878a0f1531775aedc
  Realm: 9d5c46a4d7d27958530a8dfc58f63a99e5c2cba3
  RealmSwift: 82f3ac5e24530143dddfde2033acc0d308f27d96

PODFILE CHECKSUM: 53d8ab7d93c3ddece50e640dac470fa5bb8ab2b3

COCOAPODS: 1.0.1
