PODS:
  - BEMCheckBox (1.2.1)
  - Mapbox-iOS-SDK (3.2.2)
  - Spring (1.0.3)

DEPENDENCIES:
  - BEMCheckBox (= 1.2.1)
  - Mapbox-iOS-SDK (= 3.2.2)
  - Spring (from `https://github.com/MengTo/Spring.git`, branch `swift2`)

EXTERNAL SOURCES:
  Spring:
    :branch: swift2
    :git: https://github.com/MengTo/Spring.git

CHECKOUT OPTIONS:
  Spring:
    :commit: 18d5c7b74489de8044e34767f856d1e574f0820e
    :git: https://github.com/MengTo/Spring.git

SPEC CHECKSUMS:
  BEMCheckBox: 264b8b72aa92adbfefa265cc58a0cdb86b207b9f
  Mapbox-iOS-SDK: 117ba1b0ed31107d3fe5826878a0f1531775aedc
  Spring: 3f02b5dc3308572ef177b3cad0fa7bbc4b0706f7

PODFILE CHECKSUM: 1ef370a82710dc84a2108c9adf98cf67ffe044b3

COCOAPODS: 1.0.0
